
Microsoft Visual Studio Solution File, Format Version 12.00
# Visual Studio Version 16
VisualStudioVersion = 16.0.30330.147
MinimumVisualStudioVersion = 10.0.40219.1
Project("{FAE04EC0-301F-11D3-BF4B-00C04F79EFBC}") = "TTCNTT", "TTCNTT\TTCNTT.csproj", "{F3221F85-2C71-47F2-92E2-5C2BACDA0017}"
EndProject
Global
	GlobalSection(SolutionConfigurationPlatforms) = preSolution
		Debug|Any CPU = Debug|Any CPU
		Release|Any CPU = Release|Any CPU
	EndGlobalSection
	GlobalSection(ProjectConfigurationPlatforms) = postSolution
		{F3221F85-2C71-47F2-92E2-5C2BACDA0017}.Debug|Any CPU.ActiveCfg = Debug|Any CPU
		{F3221F85-2C71-47F2-92E2-5C2BACDA0017}.Debug|Any CPU.Build.0 = Debug|Any CPU
		{F3221F85-2C71-47F2-92E2-5C2BACDA0017}.Release|Any CPU.ActiveCfg = Release|Any CPU
		{F3221F85-2C71-47F2-92E2-5C2BACDA0017}.Release|Any CPU.Build.0 = Release|Any CPU
	EndGlobalSection
	GlobalSection(SolutionProperties) = preSolution
		HideSolutionNode = FALSE
	EndGlobalSection
	GlobalSection(ExtensibilityGlobals) = postSolution
		SolutionGuid = {F10DADFE-610B-4968-B76F-389C3A6CBACC}
	EndGlobalSection
EndGlobal
